
Microsoft Visual Studio Solution File, Format Version 12.00
# Visual Studio Version 16
VisualStudioVersion = 16.0.31112.23
MinimumVisualStudioVersion = 10.0.40219.1
Project("{9A19103F-16F7-4668-BE54-9A1E7A4F7556}") = "Task3", "Task3.csproj", "{2AABBFBB-DC0A-476E-9C98-FBF9E5317448}"
EndProject
Global
	GlobalSection(SolutionConfigurationPlatforms) = preSolution
		Debug|Any CPU = Debug|Any CPU
		Release|Any CPU = Release|Any CPU
	EndGlobalSection
	GlobalSection(ProjectConfigurationPlatforms) = postSolution
		{2AABBFBB-DC0A-476E-9C98-FBF9E5317448}.Debug|Any CPU.ActiveCfg = Debug|Any CPU
		{2AABBFBB-DC0A-476E-9C98-FBF9E5317448}.Debug|Any CPU.Build.0 = Debug|Any CPU
		{2AABBFBB-DC0A-476E-9C98-FBF9E5317448}.Release|Any CPU.ActiveCfg = Release|Any CPU
		{2AABBFBB-DC0A-476E-9C98-FBF9E5317448}.Release|Any CPU.Build.0 = Release|Any CPU
	EndGlobalSection
	GlobalSection(SolutionProperties) = preSolution
		HideSolutionNode = FALSE
	EndGlobalSection
	GlobalSection(ExtensibilityGlobals) = postSolution
		SolutionGuid = {5063A330-6DEE-40C6-8F46-8949F631DF8D}
	EndGlobalSection
EndGlobal
